
Microsoft Visual Studio Solution File, Format Version 12.00
# Visual Studio Version 16
VisualStudioVersion = 16.0.30104.148
MinimumVisualStudioVersion = 10.0.40219.1
Project("{FAE04EC0-301F-11D3-BF4B-00C04F79EFBC}") = "Application.API", "Application.API\Application.API.csproj", "{CEEA6859-72D6-483B-B42A-4A5C09B3580E}"
EndProject
Project("{FAE04EC0-301F-11D3-BF4B-00C04F79EFBC}") = "Application.Models", "Application.Models\Application.Models.csproj", "{A69B9929-52F0-4065-9DA0-0C9AC8B7DBD2}"
EndProject
Project("{FAE04EC0-301F-11D3-BF4B-00C04F79EFBC}") = "Application.Repository", "Application.Repository\Application.Repository.csproj", "{5666B7D5-8A10-4BAE-B26F-C1F8A3641212}"
EndProject
Global
	GlobalSection(SolutionConfigurationPlatforms) = preSolution
		Debug|Any CPU = Debug|Any CPU
		Release|Any CPU = Release|Any CPU
	EndGlobalSection
	GlobalSection(ProjectConfigurationPlatforms) = postSolution
		{CEEA6859-72D6-483B-B42A-4A5C09B3580E}.Debug|Any CPU.ActiveCfg = Debug|Any CPU
		{CEEA6859-72D6-483B-B42A-4A5C09B3580E}.Debug|Any CPU.Build.0 = Debug|Any CPU
		{CEEA6859-72D6-483B-B42A-4A5C09B3580E}.Release|Any CPU.ActiveCfg = Release|Any CPU
		{CEEA6859-72D6-483B-B42A-4A5C09B3580E}.Release|Any CPU.Build.0 = Release|Any CPU
		{A69B9929-52F0-4065-9DA0-0C9AC8B7DBD2}.Debug|Any CPU.ActiveCfg = Debug|Any CPU
		{A69B9929-52F0-4065-9DA0-0C9AC8B7DBD2}.Debug|Any CPU.Build.0 = Debug|Any CPU
		{A69B9929-52F0-4065-9DA0-0C9AC8B7DBD2}.Release|Any CPU.ActiveCfg = Release|Any CPU
		{A69B9929-52F0-4065-9DA0-0C9AC8B7DBD2}.Release|Any CPU.Build.0 = Release|Any CPU
		{5666B7D5-8A10-4BAE-B26F-C1F8A3641212}.Debug|Any CPU.ActiveCfg = Debug|Any CPU
		{5666B7D5-8A10-4BAE-B26F-C1F8A3641212}.Debug|Any CPU.Build.0 = Debug|Any CPU
		{5666B7D5-8A10-4BAE-B26F-C1F8A3641212}.Release|Any CPU.ActiveCfg = Release|Any CPU
		{5666B7D5-8A10-4BAE-B26F-C1F8A3641212}.Release|Any CPU.Build.0 = Release|Any CPU
	EndGlobalSection
	GlobalSection(SolutionProperties) = preSolution
		HideSolutionNode = FALSE
	EndGlobalSection
	GlobalSection(ExtensibilityGlobals) = postSolution
		SolutionGuid = {D34049CA-2A10-4D77-874F-EE023CE6DB18}
	EndGlobalSection
EndGlobal
